{
  "originHash" : "84602cac8f5db8da62f3594dabb46e10f2f54881ec9c16626781239683dba93d",
  "pins" : [
    {
      "identity" : "amneziawg-apple",
      "kind" : "remoteSourceControl",
      "location" : "https://github.com/KorolArbuz/amneziawg-apple.git",
      "state" : {
        "revision" : "bf1edba79609bb7688970ed5947ce9458a289603"
      }
    },
    {
      "identity" : "tun2sockskit",
      "kind" : "remoteSourceControl",
      "location" : "https://github.com/EbrahimTahernejad/Tun2SocksKit",
      "state" : {
        "revision" : "dc6d73f5c9fee8306175d0736568da5ffda6eec1",
        "version" : "5.16.0"
      }
    }
  ],
  "version" : 3
}
